// !$*UTF8*$!
{
	archiveVersion = 1;
	classes = {
	};
	objectVersion = 42;
	objects = {

/* Begin PBXBuildFile section */
		3C5368D41365B707009752B8 /* MainMenu.xib in Resources */ = {isa = PBXBuildFile; fileRef = 3C5368D31365B707009752B8 /* MainMenu.xib */; };
		3CAE3208136572C400997491 /* Cocoa.framework in Frameworks */ = {isa = PBXBuildFile; fileRef = 3CAE3207136572C400997491 /* Cocoa.framework */; };
		3CAE320E136572DA00997491 /* AppKit.framework in Frameworks */ = {isa = PBXBuildFile; fileRef = 3CAE320D136572DA00997491 /* AppKit.framework */; };
		3CAE3210136572E400997491 /* CoreData.framework in Frameworks */ = {isa = PBXBuildFile; fileRef = 3CAE320F136572E400997491 /* CoreData.framework */; };
		3CAE3212136572ED00997491 /* Foundation.framework in Frameworks */ = {isa = PBXBuildFile; fileRef = 3CAE3211136572ED00997491 /* Foundation.framework */; };
		3CAE32151365732900997491 /* FilterSetting.m in Sources */ = {isa = PBXBuildFile; fileRef = 3CAE32141365732900997491 /* FilterSetting.m */; };
		3CAE32181365733400997491 /* FilterView.m in Sources */ = {isa = PBXBuildFile; fileRef = 3CAE32171365733400997491 /* FilterView.m */; };
		3CAE32201365740400997491 /* main.m in Sources */ = {isa = PBXBuildFile; fileRef = 3CAE321F1365740400997491 /* main.m */; };
		3CC63E061378758A009D1B00 /* FilterWindow.m in Sources */ = {isa = PBXBuildFile; fileRef = 3CC63E051378758A009D1B00 /* FilterWindow.m */; };
/* End PBXBuildFile section */

/* Begin PBXFileReference section */
		3C5368D31365B707009752B8 /* MainMenu.xib */ = {isa = PBXFileReference; lastKnownFileType = file.xib; path = MainMenu.xib; sourceTree = "<group>"; };
		3CAE3200136572B200997491 /* WindowMouse.app */ = {isa = PBXFileReference; explicitFileType = wrapper.application; includeInIndex = 0; path = WindowMouse.app; sourceTree = BUILT_PRODUCTS_DIR; };
		3CAE3203136572B200997491 /* WindowMouse-Info.plist */ = {isa = PBXFileReference; lastKnownFileType = text.plist.xml; path = "WindowMouse-Info.plist"; sourceTree = "<group>"; };
		3CAE3207136572C400997491 /* Cocoa.framework */ = {isa = PBXFileReference; lastKnownFileType = wrapper.framework; name = Cocoa.framework; path = System/Library/Frameworks/Cocoa.framework; sourceTree = SDKROOT; };
		3CAE320D136572DA00997491 /* AppKit.framework */ = {isa = PBXFileReference; lastKnownFileType = wrapper.framework; name = AppKit.framework; path = System/Library/Frameworks/AppKit.framework; sourceTree = SDKROOT; };
		3CAE320F136572E400997491 /* CoreData.framework */ = {isa = PBXFileReference; lastKnownFileType = wrapper.framework; name = CoreData.framework; path = System/Library/Frameworks/CoreData.framework; sourceTree = SDKROOT; };
		3CAE3211136572ED00997491 /* Foundation.framework */ = {isa = PBXFileReference; lastKnownFileType = wrapper.framework; name = Foundation.framework; path = System/Library/Frameworks/Foundation.framework; sourceTree = SDKROOT; };
		3CAE32131365732900997491 /* FilterSetting.h */ = {isa = PBXFileReference; fileEncoding = 4; lastKnownFileType = sourcecode.c.h; path = FilterSetting.h; sourceTree = "<group>"; };
		3CAE32141365732900997491 /* FilterSetting.m */ = {isa = PBXFileReference; fileEncoding = 4; lastKnownFileType = sourcecode.c.objc; path = FilterSetting.m; sourceTree = "<group>"; };
		3CAE32161365733400997491 /* FilterView.h */ = {isa = PBXFileReference; fileEncoding = 4; lastKnownFileType = sourcecode.c.h; path = FilterView.h; sourceTree = "<group>"; };
		3CAE32171365733400997491 /* FilterView.m */ = {isa = PBXFileReference; fileEncoding = 4; lastKnownFileType = sourcecode.c.objc; path = FilterView.m; sourceTree = "<group>"; };
		3CAE321F1365740400997491 /* main.m */ = {isa = PBXFileReference; fileEncoding = 4; lastKnownFileType = sourcecode.c.objc; path = main.m; sourceTree = "<group>"; };
		3CC63E041378758A009D1B00 /* FilterWindow.h */ = {isa = PBXFileReference; fileEncoding = 4; lastKnownFileType = sourcecode.c.h; path = FilterWindow.h; sourceTree = "<group>"; };
		3CC63E051378758A009D1B00 /* FilterWindow.m */ = {isa = PBXFileReference; fileEncoding = 4; lastKnownFileType = sourcecode.c.objc; path = FilterWindow.m; sourceTree = "<group>"; };
/* End PBXFileReference section */

/* Begin PBXFrameworksBuildPhase section */
		3CAE31FE136572B200997491 /* Frameworks */ = {
			isa = PBXFrameworksBuildPhase;
			buildActionMask = 2147483647;
			files = (
				3CAE3208136572C400997491 /* Cocoa.framework in Frameworks */,
				3CAE320E136572DA00997491 /* AppKit.framework in Frameworks */,
				3CAE3210136572E400997491 /* CoreData.framework in Frameworks */,
				3CAE3212136572ED00997491 /* Foundation.framework in Frameworks */,
			);
			runOnlyForDeploymentPostprocessing = 0;
		};
/* End PBXFrameworksBuildPhase section */

/* Begin PBXGroup section */
		3CAE31F01365728F00997491 = {
			isa = PBXGroup;
			children = (
				3CAE31FB136572A300997491 /* Frameworks */,
				3CAE31FA1365729500997491 /* Source */,
				3CAE3201136572B200997491 /* Products */,
				3CAE3203136572B200997491 /* WindowMouse-Info.plist */,
				3CAE321F1365740400997491 /* main.m */,
				3C5368D31365B707009752B8 /* MainMenu.xib */,
			);
			sourceTree = "<group>";
		};
		3CAE31FA1365729500997491 /* Source */ = {
			isa = PBXGroup;
			children = (
				3CAE32131365732900997491 /* FilterSetting.h */,
				3CC63E041378758A009D1B00 /* FilterWindow.h */,
				3CC63E051378758A009D1B00 /* FilterWindow.m */,
				3CAE32141365732900997491 /* FilterSetting.m */,
				3CAE32161365733400997491 /* FilterView.h */,
				3CAE32171365733400997491 /* FilterView.m */,
			);
			name = Source;
			sourceTree = "<group>";
		};
		3CAE31FB136572A300997491 /* Frameworks */ = {
			isa = PBXGroup;
			children = (
				3CAE3207136572C400997491 /* Cocoa.framework */,
				3CAE320D136572DA00997491 /* AppKit.framework */,
				3CAE320F136572E400997491 /* CoreData.framework */,
				3CAE3211136572ED00997491 /* Foundation.framework */,
			);
			name = Frameworks;
			sourceTree = "<group>";
		};
		3CAE3201136572B200997491 /* Products */ = {
			isa = PBXGroup;
			children = (
				3CAE3200136572B200997491 /* WindowMouse.app */,
			);
			name = Products;
			sourceTree = "<group>";
		};
/* End PBXGroup section */

/* Begin PBXNativeTarget section */
		3CAE31FF136572B200997491 /* WindowMouse */ = {
			isa = PBXNativeTarget;
			buildConfigurationList = 3CAE3206136572B300997491 /* Build configuration list for PBXNativeTarget "WindowMouse" */;
			buildPhases = (
				3CAE31FC136572B200997491 /* Resources */,
				3CAE31FD136572B200997491 /* Sources */,
				3CAE31FE136572B200997491 /* Frameworks */,
			);
			buildRules = (
			);
			dependencies = (
			);
			name = WindowMouse;
			productName = WindowMouse;
			productReference = 3CAE3200136572B200997491 /* WindowMouse.app */;
			productType = "com.apple.product-type.application";
		};
/* End PBXNativeTarget section */

/* Begin PBXProject section */
		3CAE31F21365728F00997491 /* Project object */ = {
			isa = PBXProject;
			buildConfigurationList = 3CAE31F51365728F00997491 /* Build configuration list for PBXProject "WindowMouse3" */;
			compatibilityVersion = "Xcode 2.4";
			developmentRegion = English;
			hasScannedForEncodings = 0;
			knownRegions = (
				English,
				Japanese,
				French,
				German,
			);
			mainGroup = 3CAE31F01365728F00997491;
			productRefGroup = 3CAE3201136572B200997491 /* Products */;
			projectDirPath = "";
			projectRoot = "";
			targets = (
				3CAE31FF136572B200997491 /* WindowMouse */,
			);
		};
/* End PBXProject section */

/* Begin PBXResourcesBuildPhase section */
		3CAE31FC136572B200997491 /* Resources */ = {
			isa = PBXResourcesBuildPhase;
			buildActionMask = 2147483647;
			files = (
				3C5368D41365B707009752B8 /* MainMenu.xib in Resources */,
			);
			runOnlyForDeploymentPostprocessing = 0;
		};
/* End PBXResourcesBuildPhase section */

/* Begin PBXSourcesBuildPhase section */
		3CAE31FD136572B200997491 /* Sources */ = {
			isa = PBXSourcesBuildPhase;
			buildActionMask = 2147483647;
			files = (
				3CAE32151365732900997491 /* FilterSetting.m in Sources */,
				3CAE32181365733400997491 /* FilterView.m in Sources */,
				3CAE32201365740400997491 /* main.m in Sources */,
				3CC63E061378758A009D1B00 /* FilterWindow.m in Sources */,
			);
			runOnlyForDeploymentPostprocessing = 0;
		};
/* End PBXSourcesBuildPhase section */

/* Begin XCBuildConfiguration section */
		3CAE31F31365728F00997491 /* Debug */ = {
			isa = XCBuildConfiguration;
			buildSettings = {
				COPY_PHASE_STRIP = NO;
			};
			name = Debug;
		};
		3CAE31F41365728F00997491 /* Release */ = {
			isa = XCBuildConfiguration;
			buildSettings = {
				COPY_PHASE_STRIP = YES;
			};
			name = Release;
		};
		3CAE3204136572B300997491 /* Debug */ = {
			isa = XCBuildConfiguration;
			buildSettings = {
				ALWAYS_SEARCH_USER_PATHS = NO;
				COPY_PHASE_STRIP = NO;
				GCC_DYNAMIC_NO_PIC = NO;
				GCC_ENABLE_FIX_AND_CONTINUE = YES;
				GCC_MODEL_TUNING = G5;
				GCC_OPTIMIZATION_LEVEL = 0;
				GCC_PRECOMPILE_PREFIX_HEADER = YES;
				GCC_PREFIX_HEADER = "$(SYSTEM_LIBRARY_DIR)/Frameworks/AppKit.framework/Headers/AppKit.h";
				INFOPLIST_FILE = "WindowMouse-Info.plist";
				INSTALL_PATH = "$(HOME)/Applications";
				OTHER_LDFLAGS = (
					"-framework",
					Foundation,
					"-framework",
					AppKit,
				);
				PREBINDING = NO;
				PRODUCT_NAME = WindowMouse;
				SDKROOT = "$(DEVELOPER_SDK_DIR)/MacOSX10.6.sdk";
			};
			name = Debug;
		};
		3CAE3205136572B300997491 /* Release */ = {
			isa = XCBuildConfiguration;
			buildSettings = {
				ALWAYS_SEARCH_USER_PATHS = NO;
				COPY_PHASE_STRIP = YES;
				DEBUG_INFORMATION_FORMAT = "dwarf-with-dsym";
				GCC_ENABLE_FIX_AND_CONTINUE = NO;
				GCC_MODEL_TUNING = G5;
				GCC_PRECOMPILE_PREFIX_HEADER = YES;
				GCC_PREFIX_HEADER = "$(SYSTEM_LIBRARY_DIR)/Frameworks/AppKit.framework/Headers/AppKit.h";
				INFOPLIST_FILE = "WindowMouse-Info.plist";
				INSTALL_PATH = "$(HOME)/Applications";
				OTHER_LDFLAGS = (
					"-framework",
					Foundation,
					"-framework",
					AppKit,
				);
				PREBINDING = NO;
				PRODUCT_NAME = WindowMouse;
				SDKROOT = "$(DEVELOPER_SDK_DIR)/MacOSX10.6.sdk";
				ZERO_LINK = NO;
			};
			name = Release;
		};
/* End XCBuildConfiguration section */

/* Begin XCConfigurationList section */
		3CAE31F51365728F00997491 /* Build configuration list for PBXProject "WindowMouse3" */ = {
			isa = XCConfigurationList;
			buildConfigurations = (
				3CAE31F31365728F00997491 /* Debug */,
				3CAE31F41365728F00997491 /* Release */,
			);
			defaultConfigurationIsVisible = 0;
			defaultConfigurationName = Release;
		};
		3CAE3206136572B300997491 /* Build configuration list for PBXNativeTarget "WindowMouse" */ = {
			isa = XCConfigurationList;
			buildConfigurations = (
				3CAE3204136572B300997491 /* Debug */,
				3CAE3205136572B300997491 /* Release */,
			);
			defaultConfigurationIsVisible = 0;
			defaultConfigurationName = Release;
		};
/* End XCConfigurationList section */
	};
	rootObject = 3CAE31F21365728F00997491 /* Project object */;
}
